
Microsoft Visual Studio Solution File, Format Version 12.00
# Visual Studio Version 17
VisualStudioVersion = 17.1.32407.343
MinimumVisualStudioVersion = 10.0.40219.1
Project("{9A19103F-16F7-4668-BE54-9A1E7A4F7556}") = "PersonalAppAPI", "PersonalAppAPI\PersonalAppAPI.csproj", "{38D85413-2CC5-4C26-8B85-DD42B8F21A00}"
EndProject
Project("{9A19103F-16F7-4668-BE54-9A1E7A4F7556}") = "PersonalApp.DataAccess", "PersonalApp.DataAccess\PersonalApp.DataAccess.csproj", "{11496C50-9831-4639-9C2C-2171879760E2}"
EndProject
Project("{9A19103F-16F7-4668-BE54-9A1E7A4F7556}") = "PersonalApp.Models", "PersonalApp.Models\PersonalApp.Models.csproj", "{C04DE8A7-8E6E-4546-8D83-87CCAD9C4071}"
EndProject
Global
	GlobalSection(SolutionConfigurationPlatforms) = preSolution
		Debug|Any CPU = Debug|Any CPU
		Release|Any CPU = Release|Any CPU
	EndGlobalSection
	GlobalSection(ProjectConfigurationPlatforms) = postSolution
		{38D85413-2CC5-4C26-8B85-DD42B8F21A00}.Debug|Any CPU.ActiveCfg = Debug|Any CPU
		{38D85413-2CC5-4C26-8B85-DD42B8F21A00}.Debug|Any CPU.Build.0 = Debug|Any CPU
		{38D85413-2CC5-4C26-8B85-DD42B8F21A00}.Release|Any CPU.ActiveCfg = Release|Any CPU
		{38D85413-2CC5-4C26-8B85-DD42B8F21A00}.Release|Any CPU.Build.0 = Release|Any CPU
		{11496C50-9831-4639-9C2C-2171879760E2}.Debug|Any CPU.ActiveCfg = Debug|Any CPU
		{11496C50-9831-4639-9C2C-2171879760E2}.Debug|Any CPU.Build.0 = Debug|Any CPU
		{11496C50-9831-4639-9C2C-2171879760E2}.Release|Any CPU.ActiveCfg = Release|Any CPU
		{11496C50-9831-4639-9C2C-2171879760E2}.Release|Any CPU.Build.0 = Release|Any CPU
		{C04DE8A7-8E6E-4546-8D83-87CCAD9C4071}.Debug|Any CPU.ActiveCfg = Debug|Any CPU
		{C04DE8A7-8E6E-4546-8D83-87CCAD9C4071}.Debug|Any CPU.Build.0 = Debug|Any CPU
		{C04DE8A7-8E6E-4546-8D83-87CCAD9C4071}.Release|Any CPU.ActiveCfg = Release|Any CPU
		{C04DE8A7-8E6E-4546-8D83-87CCAD9C4071}.Release|Any CPU.Build.0 = Release|Any CPU
	EndGlobalSection
	GlobalSection(SolutionProperties) = preSolution
		HideSolutionNode = FALSE
	EndGlobalSection
	GlobalSection(ExtensibilityGlobals) = postSolution
		SolutionGuid = {DB5BECB4-C005-4AD3-BE83-5D0B57E5E256}
	EndGlobalSection
EndGlobal
